// !$*UTF8*$!
{
	archiveVersion = 1;
	classes = {
	};
	objectVersion = 46;
	objects = {

/* Begin PBXBuildFile section */
		C3CF57141A6EDFC40035AA57 /* AppDelegate.swift in Sources */ = {isa = PBXBuildFile; fileRef = C3CF57131A6EDFC40035AA57 /* AppDelegate.swift */; };
		C3CF57161A6EDFC40035AA57 /* ViewController.swift in Sources */ = {isa = PBXBuildFile; fileRef = C3CF57151A6EDFC40035AA57 /* ViewController.swift */; };
		C3CF57191A6EDFC40035AA57 /* Main.storyboard in Resources */ = {isa = PBXBuildFile; fileRef = C3CF57171A6EDFC40035AA57 /* Main.storyboard */; };
		C3CF571B1A6EDFC40035AA57 /* Images.xcassets in Resources */ = {isa = PBXBuildFile; fileRef = C3CF571A1A6EDFC40035AA57 /* Images.xcassets */; };
		C3CF571E1A6EDFC40035AA57 /* LaunchScreen.xib in Resources */ = {isa = PBXBuildFile; fileRef = C3CF571C1A6EDFC40035AA57 /* LaunchScreen.xib */; };
		C3CF572A1A6EDFC50035AA57 /* SwiftAlertTests.swift in Sources */ = {isa = PBXBuildFile; fileRef = C3CF57291A6EDFC50035AA57 /* SwiftAlertTests.swift */; };
		C3CF57341A6EE0FD0035AA57 /* SwiftAlert.swift in Sources */ = {isa = PBXBuildFile; fileRef = C3CF57331A6EE0FD0035AA57 /* SwiftAlert.swift */; };
/* End PBXBuildFile section */

/* Begin PBXContainerItemProxy section */
		C3CF57241A6EDFC50035AA57 /* PBXContainerItemProxy */ = {
			isa = PBXContainerItemProxy;
			containerPortal = C3CF57061A6EDFC40035AA57 /* Project object */;
			proxyType = 1;
			remoteGlobalIDString = C3CF570D1A6EDFC40035AA57;
			remoteInfo = SwiftAlert;
		};
/* End PBXContainerItemProxy section */

/* Begin PBXFileReference section */
		C3CF570E1A6EDFC40035AA57 /* SwiftAlert.app */ = {isa = PBXFileReference; explicitFileType = wrapper.application; includeInIndex = 0; path = SwiftAlert.app; sourceTree = BUILT_PRODUCTS_DIR; };
		C3CF57121A6EDFC40035AA57 /* Info.plist */ = {isa = PBXFileReference; lastKnownFileType = text.plist.xml; path = Info.plist; sourceTree = "<group>"; };
		C3CF57131A6EDFC40035AA57 /* AppDelegate.swift */ = {isa = PBXFileReference; lastKnownFileType = sourcecode.swift; path = AppDelegate.swift; sourceTree = "<group>"; };
		C3CF57151A6EDFC40035AA57 /* ViewController.swift */ = {isa = PBXFileReference; lastKnownFileType = sourcecode.swift; path = ViewController.swift; sourceTree = "<group>"; };
		C3CF57181A6EDFC40035AA57 /* Base */ = {isa = PBXFileReference; lastKnownFileType = file.storyboard; name = Base; path = Base.lproj/Main.storyboard; sourceTree = "<group>"; };
		C3CF571A1A6EDFC40035AA57 /* Images.xcassets */ = {isa = PBXFileReference; lastKnownFileType = folder.assetcatalog; path = Images.xcassets; sourceTree = "<group>"; };
		C3CF571D1A6EDFC40035AA57 /* Base */ = {isa = PBXFileReference; lastKnownFileType = file.xib; name = Base; path = Base.lproj/LaunchScreen.xib; sourceTree = "<group>"; };
		C3CF57231A6EDFC50035AA57 /* SwiftAlertTests.xctest */ = {isa = PBXFileReference; explicitFileType = wrapper.cfbundle; includeInIndex = 0; path = SwiftAlertTests.xctest; sourceTree = BUILT_PRODUCTS_DIR; };
		C3CF57281A6EDFC50035AA57 /* Info.plist */ = {isa = PBXFileReference; lastKnownFileType = text.plist.xml; path = Info.plist; sourceTree = "<group>"; };
		C3CF57291A6EDFC50035AA57 /* SwiftAlertTests.swift */ = {isa = PBXFileReference; lastKnownFileType = sourcecode.swift; path = SwiftAlertTests.swift; sourceTree = "<group>"; };
		C3CF57331A6EE0FD0035AA57 /* SwiftAlert.swift */ = {isa = PBXFileReference; fileEncoding = 4; lastKnownFileType = sourcecode.swift; path = SwiftAlert.swift; sourceTree = "<group>"; };
/* End PBXFileReference section */

/* Begin PBXFrameworksBuildPhase section */
		C3CF570B1A6EDFC40035AA57 /* Frameworks */ = {
			isa = PBXFrameworksBuildPhase;
			buildActionMask = 2147483647;
			files = (
			);
			runOnlyForDeploymentPostprocessing = 0;
		};
		C3CF57201A6EDFC50035AA57 /* Frameworks */ = {
			isa = PBXFrameworksBuildPhase;
			buildActionMask = 2147483647;
			files = (
			);
			runOnlyForDeploymentPostprocessing = 0;
		};
/* End PBXFrameworksBuildPhase section */

/* Begin PBXGroup section */
		C3CF57051A6EDFC40035AA57 = {
			isa = PBXGroup;
			children = (
				C3CF57101A6EDFC40035AA57 /* SwiftAlert */,
				C3CF57261A6EDFC50035AA57 /* SwiftAlertTests */,
				C3CF570F1A6EDFC40035AA57 /* Products */,
			);
			sourceTree = "<group>";
		};
		C3CF570F1A6EDFC40035AA57 /* Products */ = {
			isa = PBXGroup;
			children = (
				C3CF570E1A6EDFC40035AA57 /* SwiftAlert.app */,
				C3CF57231A6EDFC50035AA57 /* SwiftAlertTests.xctest */,
			);
			name = Products;
			sourceTree = "<group>";
		};
		C3CF57101A6EDFC40035AA57 /* SwiftAlert */ = {
			isa = PBXGroup;
			children = (
				C3CF57131A6EDFC40035AA57 /* AppDelegate.swift */,
				C3CF57151A6EDFC40035AA57 /* ViewController.swift */,
				C3CF57171A6EDFC40035AA57 /* Main.storyboard */,
				C3CF57331A6EE0FD0035AA57 /* SwiftAlert.swift */,
				C3CF571A1A6EDFC40035AA57 /* Images.xcassets */,
				C3CF571C1A6EDFC40035AA57 /* LaunchScreen.xib */,
				C3CF57111A6EDFC40035AA57 /* Supporting Files */,
			);
			path = SwiftAlert;
			sourceTree = "<group>";
		};
		C3CF57111A6EDFC40035AA57 /* Supporting Files */ = {
			isa = PBXGroup;
			children = (
				C3CF57121A6EDFC40035AA57 /* Info.plist */,
			);
			name = "Supporting Files";
			sourceTree = "<group>";
		};
		C3CF57261A6EDFC50035AA57 /* SwiftAlertTests */ = {
			isa = PBXGroup;
			children = (
				C3CF57291A6EDFC50035AA57 /* SwiftAlertTests.swift */,
				C3CF57271A6EDFC50035AA57 /* Supporting Files */,
			);
			path = SwiftAlertTests;
			sourceTree = "<group>";
		};
		C3CF57271A6EDFC50035AA57 /* Supporting Files */ = {
			isa = PBXGroup;
			children = (
				C3CF57281A6EDFC50035AA57 /* Info.plist */,
			);
			name = "Supporting Files";
			sourceTree = "<group>";
		};
/* End PBXGroup section */

/* Begin PBXNativeTarget section */
		C3CF570D1A6EDFC40035AA57 /* SwiftAlert */ = {
			isa = PBXNativeTarget;
			buildConfigurationList = C3CF572D1A6EDFC50035AA57 /* Build configuration list for PBXNativeTarget "SwiftAlert" */;
			buildPhases = (
				C3CF570A1A6EDFC40035AA57 /* Sources */,
				C3CF570B1A6EDFC40035AA57 /* Frameworks */,
				C3CF570C1A6EDFC40035AA57 /* Resources */,
			);
			buildRules = (
			);
			dependencies = (
			);
			name = SwiftAlert;
			productName = SwiftAlert;
			productReference = C3CF570E1A6EDFC40035AA57 /* SwiftAlert.app */;
			productType = "com.apple.product-type.application";
		};
		C3CF57221A6EDFC50035AA57 /* SwiftAlertTests */ = {
			isa = PBXNativeTarget;
			buildConfigurationList = C3CF57301A6EDFC50035AA57 /* Build configuration list for PBXNativeTarget "SwiftAlertTests" */;
			buildPhases = (
				C3CF571F1A6EDFC50035AA57 /* Sources */,
				C3CF57201A6EDFC50035AA57 /* Frameworks */,
				C3CF57211A6EDFC50035AA57 /* Resources */,
			);
			buildRules = (
			);
			dependencies = (
				C3CF57251A6EDFC50035AA57 /* PBXTargetDependency */,
			);
			name = SwiftAlertTests;
			productName = SwiftAlertTests;
			productReference = C3CF57231A6EDFC50035AA57 /* SwiftAlertTests.xctest */;
			productType = "com.apple.product-type.bundle.unit-test";
		};
/* End PBXNativeTarget section */

/* Begin PBXProject section */
		C3CF57061A6EDFC40035AA57 /* Project object */ = {
			isa = PBXProject;
			attributes = {
				LastUpgradeCheck = 0610;
				ORGANIZATIONNAME = "Anton Schmidt Gregersen";
				TargetAttributes = {
					C3CF570D1A6EDFC40035AA57 = {
						CreatedOnToolsVersion = 6.1.1;
					};
					C3CF57221A6EDFC50035AA57 = {
						CreatedOnToolsVersion = 6.1.1;
						TestTargetID = C3CF570D1A6EDFC40035AA57;
					};
				};
			};
			buildConfigurationList = C3CF57091A6EDFC40035AA57 /* Build configuration list for PBXProject "SwiftAlert" */;
			compatibilityVersion = "Xcode 3.2";
			developmentRegion = English;
			hasScannedForEncodings = 0;
			knownRegions = (
				en,
				Base,
			);
			mainGroup = C3CF57051A6EDFC40035AA57;
			productRefGroup = C3CF570F1A6EDFC40035AA57 /* Products */;
			projectDirPath = "";
			projectRoot = "";
			targets = (
				C3CF570D1A6EDFC40035AA57 /* SwiftAlert */,
				C3CF57221A6EDFC50035AA57 /* SwiftAlertTests */,
			);
		};
/* End PBXProject section */

/* Begin PBXResourcesBuildPhase section */
		C3CF570C1A6EDFC40035AA57 /* Resources */ = {
			isa = PBXResourcesBuildPhase;
			buildActionMask = 2147483647;
			files = (
				C3CF57191A6EDFC40035AA57 /* Main.storyboard in Resources */,
				C3CF571E1A6EDFC40035AA57 /* LaunchScreen.xib in Resources */,
				C3CF571B1A6EDFC40035AA57 /* Images.xcassets in Resources */,
			);
			runOnlyForDeploymentPostprocessing = 0;
		};
		C3CF57211A6EDFC50035AA57 /* Resources */ = {
			isa = PBXResourcesBuildPhase;
			buildActionMask = 2147483647;
			files = (
			);
			runOnlyForDeploymentPostprocessing = 0;
		};
/* End PBXResourcesBuildPhase section */

/* Begin PBXSourcesBuildPhase section */
		C3CF570A1A6EDFC40035AA57 /* Sources */ = {
			isa = PBXSourcesBuildPhase;
			buildActionMask = 2147483647;
			files = (
				C3CF57161A6EDFC40035AA57 /* ViewController.swift in Sources */,
				C3CF57141A6EDFC40035AA57 /* AppDelegate.swift in Sources */,
				C3CF57341A6EE0FD0035AA57 /* SwiftAlert.swift in Sources */,
			);
			runOnlyForDeploymentPostprocessing = 0;
		};
		C3CF571F1A6EDFC50035AA57 /* Sources */ = {
			isa = PBXSourcesBuildPhase;
			buildActionMask = 2147483647;
			files = (
				C3CF572A1A6EDFC50035AA57 /* SwiftAlertTests.swift in Sources */,
			);
			runOnlyForDeploymentPostprocessing = 0;
		};
/* End PBXSourcesBuildPhase section */

/* Begin PBXTargetDependency section */
		C3CF57251A6EDFC50035AA57 /* PBXTargetDependency */ = {
			isa = PBXTargetDependency;
			target = C3CF570D1A6EDFC40035AA57 /* SwiftAlert */;
			targetProxy = C3CF57241A6EDFC50035AA57 /* PBXContainerItemProxy */;
		};
/* End PBXTargetDependency section */

/* Begin PBXVariantGroup section */
		C3CF57171A6EDFC40035AA57 /* Main.storyboard */ = {
			isa = PBXVariantGroup;
			children = (
				C3CF57181A6EDFC40035AA57 /* Base */,
			);
			name = Main.storyboard;
			sourceTree = "<group>";
		};
		C3CF571C1A6EDFC40035AA57 /* LaunchScreen.xib */ = {
			isa = PBXVariantGroup;
			children = (
				C3CF571D1A6EDFC40035AA57 /* Base */,
			);
			name = LaunchScreen.xib;
			sourceTree = "<group>";
		};
/* End PBXVariantGroup section */

/* Begin XCBuildConfiguration section */
		C3CF572B1A6EDFC50035AA57 /* Debug */ = {
			isa = XCBuildConfiguration;
			buildSettings = {
				ALWAYS_SEARCH_USER_PATHS = NO;
				CLANG_CXX_LANGUAGE_STANDARD = "gnu++0x";
				CLANG_CXX_LIBRARY = "libc++";
				CLANG_ENABLE_MODULES = YES;
				CLANG_ENABLE_OBJC_ARC = YES;
				CLANG_WARN_BOOL_CONVERSION = YES;
				CLANG_WARN_CONSTANT_CONVERSION = YES;
				CLANG_WARN_DIRECT_OBJC_ISA_USAGE = YES_ERROR;
				CLANG_WARN_EMPTY_BODY = YES;
				CLANG_WARN_ENUM_CONVERSION = YES;
				CLANG_WARN_INT_CONVERSION = YES;
				CLANG_WARN_OBJC_ROOT_CLASS = YES_ERROR;
				CLANG_WARN_UNREACHABLE_CODE = YES;
				CLANG_WARN__DUPLICATE_METHOD_MATCH = YES;
				"CODE_SIGN_IDENTITY[sdk=iphoneos*]" = "iPhone Developer";
				COPY_PHASE_STRIP = NO;
				ENABLE_STRICT_OBJC_MSGSEND = YES;
				GCC_C_LANGUAGE_STANDARD = gnu99;
				GCC_DYNAMIC_NO_PIC = NO;
				GCC_OPTIMIZATION_LEVEL = 0;
				GCC_PREPROCESSOR_DEFINITIONS = (
					"DEBUG=1",
					"$(inherited)",
				);
				GCC_SYMBOLS_PRIVATE_EXTERN = NO;
				GCC_WARN_64_TO_32_BIT_CONVERSION = YES;
				GCC_WARN_ABOUT_RETURN_TYPE = YES_ERROR;
				GCC_WARN_UNDECLARED_SELECTOR = YES;
				GCC_WARN_UNINITIALIZED_AUTOS = YES_AGGRESSIVE;
				GCC_WARN_UNUSED_FUNCTION = YES;
				GCC_WARN_UNUSED_VARIABLE = YES;
				IPHONEOS_DEPLOYMENT_TARGET = 8.1;
				MTL_ENABLE_DEBUG_INFO = YES;
				ONLY_ACTIVE_ARCH = YES;
				SDKROOT = iphoneos;
				SWIFT_OPTIMIZATION_LEVEL = "-Onone";
				TARGETED_DEVICE_FAMILY = "1,2";
			};
			name = Debug;
		};
		C3CF572C1A6EDFC50035AA57 /* Release */ = {
			isa = XCBuildConfiguration;
			buildSettings = {
				ALWAYS_SEARCH_USER_PATHS = NO;
				CLANG_CXX_LANGUAGE_STANDARD = "gnu++0x";
				CLANG_CXX_LIBRARY = "libc++";
				CLANG_ENABLE_MODULES = YES;
				CLANG_ENABLE_OBJC_ARC = YES;
				CLANG_WARN_BOOL_CONVERSION = YES;
				CLANG_WARN_CONSTANT_CONVERSION = YES;
				CLANG_WARN_DIRECT_OBJC_ISA_USAGE = YES_ERROR;
				CLANG_WARN_EMPTY_BODY = YES;
				CLANG_WARN_ENUM_CONVERSION = YES;
				CLANG_WARN_INT_CONVERSION = YES;
				CLANG_WARN_OBJC_ROOT_CLASS = YES_ERROR;
				CLANG_WARN_UNREACHABLE_CODE = YES;
				CLANG_WARN__DUPLICATE_METHOD_MATCH = YES;
				"CODE_SIGN_IDENTITY[sdk=iphoneos*]" = "iPhone Developer";
				COPY_PHASE_STRIP = YES;
				ENABLE_NS_ASSERTIONS = NO;
				ENABLE_STRICT_OBJC_MSGSEND = YES;
				GCC_C_LANGUAGE_STANDARD = gnu99;
				GCC_WARN_64_TO_32_BIT_CONVERSION = YES;
				GCC_WARN_ABOUT_RETURN_TYPE = YES_ERROR;
				GCC_WARN_UNDECLARED_SELECTOR = YES;
				GCC_WARN_UNINITIALIZED_AUTOS = YES_AGGRESSIVE;
				GCC_WARN_UNUSED_FUNCTION = YES;
				GCC_WARN_UNUSED_VARIABLE = YES;
				IPHONEOS_DEPLOYMENT_TARGET = 8.1;
				MTL_ENABLE_DEBUG_INFO = NO;
				SDKROOT = iphoneos;
				TARGETED_DEVICE_FAMILY = "1,2";
				VALIDATE_PRODUCT = YES;
			};
			name = Release;
		};
		C3CF572E1A6EDFC50035AA57 /* Debug */ = {
			isa = XCBuildConfiguration;
			buildSettings = {
				ASSETCATALOG_COMPILER_APPICON_NAME = AppIcon;
				INFOPLIST_FILE = SwiftAlert/Info.plist;
				LD_RUNPATH_SEARCH_PATHS = "$(inherited) @executable_path/Frameworks";
				PRODUCT_NAME = "$(TARGET_NAME)";
			};
			name = Debug;
		};
		C3CF572F1A6EDFC50035AA57 /* Release */ = {
			isa = XCBuildConfiguration;
			buildSettings = {
				ASSETCATALOG_COMPILER_APPICON_NAME = AppIcon;
				INFOPLIST_FILE = SwiftAlert/Info.plist;
				LD_RUNPATH_SEARCH_PATHS = "$(inherited) @executable_path/Frameworks";
				PRODUCT_NAME = "$(TARGET_NAME)";
			};
			name = Release;
		};
		C3CF57311A6EDFC50035AA57 /* Debug */ = {
			isa = XCBuildConfiguration;
			buildSettings = {
				BUNDLE_LOADER = "$(TEST_HOST)";
				FRAMEWORK_SEARCH_PATHS = (
					"$(SDKROOT)/Developer/Library/Frameworks",
					"$(inherited)",
				);
				GCC_PREPROCESSOR_DEFINITIONS = (
					"DEBUG=1",
					"$(inherited)",
				);
				INFOPLIST_FILE = SwiftAlertTests/Info.plist;
				LD_RUNPATH_SEARCH_PATHS = "$(inherited) @executable_path/Frameworks @loader_path/Frameworks";
				PRODUCT_NAME = "$(TARGET_NAME)";
				TEST_HOST = "$(BUILT_PRODUCTS_DIR)/SwiftAlert.app/SwiftAlert";
			};
			name = Debug;
		};
		C3CF57321A6EDFC50035AA57 /* Release */ = {
			isa = XCBuildConfiguration;
			buildSettings = {
				BUNDLE_LOADER = "$(TEST_HOST)";
				FRAMEWORK_SEARCH_PATHS = (
					"$(SDKROOT)/Developer/Library/Frameworks",
					"$(inherited)",
				);
				INFOPLIST_FILE = SwiftAlertTests/Info.plist;
				LD_RUNPATH_SEARCH_PATHS = "$(inherited) @executable_path/Frameworks @loader_path/Frameworks";
				PRODUCT_NAME = "$(TARGET_NAME)";
				TEST_HOST = "$(BUILT_PRODUCTS_DIR)/SwiftAlert.app/SwiftAlert";
			};
			name = Release;
		};
/* End XCBuildConfiguration section */

/* Begin XCConfigurationList section */
		C3CF57091A6EDFC40035AA57 /* Build configuration list for PBXProject "SwiftAlert" */ = {
			isa = XCConfigurationList;
			buildConfigurations = (
				C3CF572B1A6EDFC50035AA57 /* Debug */,
				C3CF572C1A6EDFC50035AA57 /* Release */,
			);
			defaultConfigurationIsVisible = 0;
			defaultConfigurationName = Release;
		};
		C3CF572D1A6EDFC50035AA57 /* Build configuration list for PBXNativeTarget "SwiftAlert" */ = {
			isa = XCConfigurationList;
			buildConfigurations = (
				C3CF572E1A6EDFC50035AA57 /* Debug */,
				C3CF572F1A6EDFC50035AA57 /* Release */,
			);
			defaultConfigurationIsVisible = 0;
		};
		C3CF57301A6EDFC50035AA57 /* Build configuration list for PBXNativeTarget "SwiftAlertTests" */ = {
			isa = XCConfigurationList;
			buildConfigurations = (
				C3CF57311A6EDFC50035AA57 /* Debug */,
				C3CF57321A6EDFC50035AA57 /* Release */,
			);
			defaultConfigurationIsVisible = 0;
		};
/* End XCConfigurationList section */
	};
	rootObject = C3CF57061A6EDFC40035AA57 /* Project object */;
}
